
Microsoft Visual Studio Solution File, Format Version 12.00
# Visual Studio Version 17
VisualStudioVersion = 17.8.34330.188
MinimumVisualStudioVersion = 10.0.40219.1
Project("{FAE04EC0-301F-11D3-BF4B-00C04F79EFBC}") = "eTickets_Application", "eTickets_Application\eTickets_Application.csproj", "{3F822275-EF57-43BD-BFA0-E45F0EC91617}"
EndProject
Global
	GlobalSection(SolutionConfigurationPlatforms) = preSolution
		Debug|Any CPU = Debug|Any CPU
		Release|Any CPU = Release|Any CPU
	EndGlobalSection
	GlobalSection(ProjectConfigurationPlatforms) = postSolution
		{3F822275-EF57-43BD-BFA0-E45F0EC91617}.Debug|Any CPU.ActiveCfg = Debug|Any CPU
		{3F822275-EF57-43BD-BFA0-E45F0EC91617}.Debug|Any CPU.Build.0 = Debug|Any CPU
		{3F822275-EF57-43BD-BFA0-E45F0EC91617}.Release|Any CPU.ActiveCfg = Release|Any CPU
		{3F822275-EF57-43BD-BFA0-E45F0EC91617}.Release|Any CPU.Build.0 = Release|Any CPU
	EndGlobalSection
	GlobalSection(SolutionProperties) = preSolution
		HideSolutionNode = FALSE
	EndGlobalSection
	GlobalSection(ExtensibilityGlobals) = postSolution
		SolutionGuid = {98D643DC-D9CD-448A-B86A-5026798A128E}
	EndGlobalSection
EndGlobal
